// !$*UTF8*$!
{
	archiveVersion = 1;
	classes = {
	};
	objectVersion = 51;
	objects = {

/* Begin PBXBuildFile section */
		1E99C9B0CB9CD0337B144B0D /* Pods_Wagr_Assignment.framework in Frameworks */ = {isa = PBXBuildFile; fileRef = 29FF42EDB7312CBF5F3C9CA4 /* Pods_Wagr_Assignment.framework */; };
		AA2CDF7B260E778F00BC8303 /* AppDelegate.swift in Sources */ = {isa = PBXBuildFile; fileRef = AA2CDF7A260E778F00BC8303 /* AppDelegate.swift */; };
		AA2CDF7D260E778F00BC8303 /* SceneDelegate.swift in Sources */ = {isa = PBXBuildFile; fileRef = AA2CDF7C260E778F00BC8303 /* SceneDelegate.swift */; };
		AA2CDF7F260E778F00BC8303 /* BrowseGamesViewController.swift in Sources */ = {isa = PBXBuildFile; fileRef = AA2CDF7E260E778F00BC8303 /* BrowseGamesViewController.swift */; };
		AA2CDF82260E778F00BC8303 /* Main.storyboard in Resources */ = {isa = PBXBuildFile; fileRef = AA2CDF80260E778F00BC8303 /* Main.storyboard */; };
		AA2CDF85260E778F00BC8303 /* Wagr_Assignment.xcdatamodeld in Sources */ = {isa = PBXBuildFile; fileRef = AA2CDF83260E778F00BC8303 /* Wagr_Assignment.xcdatamodeld */; };
		AA2CDF87260E779300BC8303 /* Assets.xcassets in Resources */ = {isa = PBXBuildFile; fileRef = AA2CDF86260E779300BC8303 /* Assets.xcassets */; };
		AA2CDF8A260E779300BC8303 /* LaunchScreen.storyboard in Resources */ = {isa = PBXBuildFile; fileRef = AA2CDF88260E779300BC8303 /* LaunchScreen.storyboard */; };
		AA2CDF95260E779300BC8303 /* Wagr_AssignmentTests.swift in Sources */ = {isa = PBXBuildFile; fileRef = AA2CDF94260E779300BC8303 /* Wagr_AssignmentTests.swift */; };
		AA2CDFA0260E779300BC8303 /* Wagr_AssignmentUITests.swift in Sources */ = {isa = PBXBuildFile; fileRef = AA2CDF9F260E779300BC8303 /* Wagr_AssignmentUITests.swift */; };
		AA2CDFC0260E8DAF00BC8303 /* NetworkManager.swift in Sources */ = {isa = PBXBuildFile; fileRef = AA2CDFBF260E8DAF00BC8303 /* NetworkManager.swift */; };
		AA2CDFC1260E8DAF00BC8303 /* NetworkManager.swift in Sources */ = {isa = PBXBuildFile; fileRef = AA2CDFBF260E8DAF00BC8303 /* NetworkManager.swift */; };
		AA2CDFCC260E8E1A00BC8303 /* Team+CoreDataClass.swift in Sources */ = {isa = PBXBuildFile; fileRef = AA2CDFC8260E8E1A00BC8303 /* Team+CoreDataClass.swift */; };
		AA2CDFCE260E8E1A00BC8303 /* Game+CoreDataClass.swift in Sources */ = {isa = PBXBuildFile; fileRef = AA2CDFCA260E8E1A00BC8303 /* Game+CoreDataClass.swift */; };
		AA703E57260E91320037519B /* CodingUserInfoKey+Context.swift in Sources */ = {isa = PBXBuildFile; fileRef = AA703E56260E91320037519B /* CodingUserInfoKey+Context.swift */; };
		AA703E88260E96EF0037519B /* Team+CoreDataProperties.swift in Sources */ = {isa = PBXBuildFile; fileRef = AA703E86260E96EF0037519B /* Team+CoreDataProperties.swift */; };
		AA703E89260E96EF0037519B /* Game+CoreDataProperties.swift in Sources */ = {isa = PBXBuildFile; fileRef = AA703E87260E96EF0037519B /* Game+CoreDataProperties.swift */; };
		AA703E95260EBD0C0037519B /* NetworkError.swift in Sources */ = {isa = PBXBuildFile; fileRef = AA703E94260EBD0C0037519B /* NetworkError.swift */; };
		AA703E9F260EC55D0037519B /* NetworkError.swift in Sources */ = {isa = PBXBuildFile; fileRef = AA703E94260EBD0C0037519B /* NetworkError.swift */; };
		AA703EAA260EC5720037519B /* Formatter+ISO8601.swift in Sources */ = {isa = PBXBuildFile; fileRef = AA703EA9260EC5720037519B /* Formatter+ISO8601.swift */; };
		AA703EBC260EC8170037519B /* GameCell.swift in Sources */ = {isa = PBXBuildFile; fileRef = AA703EBA260EC8170037519B /* GameCell.swift */; };
		AA703EBD260EC8170037519B /* GameCell.xib in Resources */ = {isa = PBXBuildFile; fileRef = AA703EBB260EC8170037519B /* GameCell.xib */; };
		AA703EC6260ECBD30037519B /* CoreDataContainer.swift in Sources */ = {isa = PBXBuildFile; fileRef = AA703EC5260ECBD30037519B /* CoreDataContainer.swift */; };
		AA703ECE260F979E0037519B /* CoreDataManager.swift in Sources */ = {isa = PBXBuildFile; fileRef = AA703ECD260F979E0037519B /* CoreDataManager.swift */; };
		AA703ED7260FA9520037519B /* TeamId.swift in Sources */ = {isa = PBXBuildFile; fileRef = AA703ED6260FA9520037519B /* TeamId.swift */; };
		AA703EE2260FC7C70037519B /* Cacheable.swift in Sources */ = {isa = PBXBuildFile; fileRef = AA703EE1260FC7C70037519B /* Cacheable.swift */; };
		AA703EE7260FC7FE0037519B /* Game+Cacheable.swift in Sources */ = {isa = PBXBuildFile; fileRef = AA703EE6260FC7FE0037519B /* Game+Cacheable.swift */; };
		AA703F0B260FCE4E0037519B /* Localizable.strings in Resources */ = {isa = PBXBuildFile; fileRef = AA703F06260FCE4E0037519B /* Localizable.strings */; };
		AA703F0C260FCE4E0037519B /* Localizable.strings in Resources */ = {isa = PBXBuildFile; fileRef = AA703F09260FCE4E0037519B /* Localizable.strings */; };
		AA703F12260FCEFA0037519B /* NetworkReachabilityService.swift in Sources */ = {isa = PBXBuildFile; fileRef = AA703F11260FCEFA0037519B /* NetworkReachabilityService.swift */; };
		AA86DE10261407D200429455 /* BrowseGamesView.swift in Sources */ = {isa = PBXBuildFile; fileRef = AA86DE0F261407D200429455 /* BrowseGamesView.swift */; };
		AA86DE1B26140BFB00429455 /* BrowseGamesViewController+CollectionView.swift in Sources */ = {isa = PBXBuildFile; fileRef = AA86DE1A26140BFB00429455 /* BrowseGamesViewController+CollectionView.swift */; };
		AA86DE2026140D9000429455 /* BrowseGamesViewController+TableView.swift in Sources */ = {isa = PBXBuildFile; fileRef = AA86DE1F26140D9000429455 /* BrowseGamesViewController+TableView.swift */; };
		AAA005D126112D2D00D97648 /* DateHeader.swift in Sources */ = {isa = PBXBuildFile; fileRef = AAA005D026112D2D00D97648 /* DateHeader.swift */; };
		AAA005D626112E5D00D97648 /* UIFont+Wagr.swift in Sources */ = {isa = PBXBuildFile; fileRef = AAA005D526112E5D00D97648 /* UIFont+Wagr.swift */; };
		AAA005DC261137FE00D97648 /* DateCollectionViewCell.swift in Sources */ = {isa = PBXBuildFile; fileRef = AAA005DA261137FE00D97648 /* DateCollectionViewCell.swift */; };
		AAA005DD261137FE00D97648 /* DateCollectionViewCell.xib in Resources */ = {isa = PBXBuildFile; fileRef = AAA005DB261137FE00D97648 /* DateCollectionViewCell.xib */; };
		AAA005F62612416A00D97648 /* Roboto-Bold.ttf in Resources */ = {isa = PBXBuildFile; fileRef = AAA005F02612416900D97648 /* Roboto-Bold.ttf */; };
		AAA005F72612416A00D97648 /* Roboto-Medium.ttf in Resources */ = {isa = PBXBuildFile; fileRef = AAA005F12612416A00D97648 /* Roboto-Medium.ttf */; };
		AAA005F82612416A00D97648 /* Roboto-Black.ttf in Resources */ = {isa = PBXBuildFile; fileRef = AAA005F22612416A00D97648 /* Roboto-Black.ttf */; };
		AAA005F92612416A00D97648 /* Roboto-Thin.ttf in Resources */ = {isa = PBXBuildFile; fileRef = AAA005F32612416A00D97648 /* Roboto-Thin.ttf */; };
		AAA005FA2612416A00D97648 /* Roboto-Light.ttf in Resources */ = {isa = PBXBuildFile; fileRef = AAA005F42612416A00D97648 /* Roboto-Light.ttf */; };
		AAA005FB2612416A00D97648 /* Roboto-Regular.ttf in Resources */ = {isa = PBXBuildFile; fileRef = AAA005F52612416A00D97648 /* Roboto-Regular.ttf */; };
		AAB6D95226126F7B004A9337 /* AnimatedGradientLayer.swift in Sources */ = {isa = PBXBuildFile; fileRef = AAB6D95126126F7B004A9337 /* AnimatedGradientLayer.swift */; };
		AAB6D957261274BB004A9337 /* UIAlertController+Celebration.swift in Sources */ = {isa = PBXBuildFile; fileRef = AAB6D956261274BB004A9337 /* UIAlertController+Celebration.swift */; };
		AAB6D95F26127718004A9337 /* RoundImageView.swift in Sources */ = {isa = PBXBuildFile; fileRef = AAB6D95E26127718004A9337 /* RoundImageView.swift */; };
		AAB6D9642612797C004A9337 /* AnalyticsManager.swift in Sources */ = {isa = PBXBuildFile; fileRef = AAB6D9632612797C004A9337 /* AnalyticsManager.swift */; };
		AAB6D96A26129524004A9337 /* FullScreenCelebrationViewController.swift in Sources */ = {isa = PBXBuildFile; fileRef = AAB6D96826129524004A9337 /* FullScreenCelebrationViewController.swift */; };
		AAB6D96B26129524004A9337 /* FullScreenCelebrationViewController.xib in Resources */ = {isa = PBXBuildFile; fileRef = AAB6D96926129524004A9337 /* FullScreenCelebrationViewController.xib */; };
		AAB7B83B261364000072181A /* ConfettiLayer.swift in Sources */ = {isa = PBXBuildFile; fileRef = AAB7B83A261364000072181A /* ConfettiLayer.swift */; };
		AAE2657E261261C800AFEF5F /* ModalCelebrationViewController.swift in Sources */ = {isa = PBXBuildFile; fileRef = AAE2657C261261C800AFEF5F /* ModalCelebrationViewController.swift */; };
		AAE2657F261261C800AFEF5F /* ModalCelebrationViewController.xib in Resources */ = {isa = PBXBuildFile; fileRef = AAE2657D261261C800AFEF5F /* ModalCelebrationViewController.xib */; };
		AAF8926A260FFA750019C10D /* UIColor+Hex.swift in Sources */ = {isa = PBXBuildFile; fileRef = AAF89269260FFA750019C10D /* UIColor+Hex.swift */; };
		AAF89270260FFCD00019C10D /* GameViewModel.swift in Sources */ = {isa = PBXBuildFile; fileRef = AAF8926F260FFCD00019C10D /* GameViewModel.swift */; };
		AAF8927B2610017F0019C10D /* TeamViewModel.swift in Sources */ = {isa = PBXBuildFile; fileRef = AAF8927A2610017F0019C10D /* TeamViewModel.swift */; };
		AAF89280261027080019C10D /* UIColor+Wagr.swift in Sources */ = {isa = PBXBuildFile; fileRef = AAF8927F261027080019C10D /* UIColor+Wagr.swift */; };
		AAF892852610274F0019C10D /* UIImage+Wagr.swift in Sources */ = {isa = PBXBuildFile; fileRef = AAF892842610274F0019C10D /* UIImage+Wagr.swift */; };
		AAF8928D2610FEB20019C10D /* Date+Timezone.swift in Sources */ = {isa = PBXBuildFile; fileRef = AAF8928C2610FEB20019C10D /* Date+Timezone.swift */; };
		AAF8929B261109DF0019C10D /* Quicksand-Medium.ttf in Resources */ = {isa = PBXBuildFile; fileRef = AAF89296261109DF0019C10D /* Quicksand-Medium.ttf */; };
		AAF8929C261109DF0019C10D /* Quicksand-Bold.ttf in Resources */ = {isa = PBXBuildFile; fileRef = AAF89297261109DF0019C10D /* Quicksand-Bold.ttf */; };
		AAF8929D261109DF0019C10D /* Quicksand-SemiBold.ttf in Resources */ = {isa = PBXBuildFile; fileRef = AAF89298261109DF0019C10D /* Quicksand-SemiBold.ttf */; };
		AAF8929E261109DF0019C10D /* Quicksand-Regular.ttf in Resources */ = {isa = PBXBuildFile; fileRef = AAF89299261109DF0019C10D /* Quicksand-Regular.ttf */; };
		AAF8929F261109DF0019C10D /* Quicksand-Light.ttf in Resources */ = {isa = PBXBuildFile; fileRef = AAF8929A261109DF0019C10D /* Quicksand-Light.ttf */; };
		AAF892AF26111BF80019C10D /* GameSorter.swift in Sources */ = {isa = PBXBuildFile; fileRef = AAF892AE26111BF80019C10D /* GameSorter.swift */; };
		AAF892B426111DF90019C10D /* Calendar+DaysBetween.swift in Sources */ = {isa = PBXBuildFile; fileRef = AAF892B326111DF90019C10D /* Calendar+DaysBetween.swift */; };
		AAF892B9261121400019C10D /* Date+FakeCurrentDate.swift in Sources */ = {isa = PBXBuildFile; fileRef = AAF892B8261121400019C10D /* Date+FakeCurrentDate.swift */; };
		AAF892BE261125A20019C10D /* GoogleService-Info.plist in Resources */ = {isa = PBXBuildFile; fileRef = AAF892BD261125A20019C10D /* GoogleService-Info.plist */; };
		D3A21C30A3ABDD419BC9C6BD /* Pods_Wagr_AssignmentTests.framework in Frameworks */ = {isa = PBXBuildFile; fileRef = 29E3EAFCD4760A00B13FCB8E /* Pods_Wagr_AssignmentTests.framework */; };
		D4FCEABC7A3AB1C57C94D288 /* Pods_Wagr_Assignment_Wagr_AssignmentUITests.framework in Frameworks */ = {isa = PBXBuildFile; fileRef = DE84E952EC46EA91CA19375D /* Pods_Wagr_Assignment_Wagr_AssignmentUITests.framework */; };
/* End PBXBuildFile section */

/* Begin PBXContainerItemProxy section */
		AA2CDF91260E779300BC8303 /* PBXContainerItemProxy */ = {
			isa = PBXContainerItemProxy;
			containerPortal = AA2CDF6F260E778F00BC8303 /* Project object */;
			proxyType = 1;
			remoteGlobalIDString = AA2CDF76260E778F00BC8303;
			remoteInfo = "Wagr-Assignment";
		};
		AA2CDF9C260E779300BC8303 /* PBXContainerItemProxy */ = {
			isa = PBXContainerItemProxy;
			containerPortal = AA2CDF6F260E778F00BC8303 /* Project object */;
			proxyType = 1;
			remoteGlobalIDString = AA2CDF76260E778F00BC8303;
			remoteInfo = "Wagr-Assignment";
		};
/* End PBXContainerItemProxy section */

/* Begin PBXFileReference section */
		2299B4779204C4161F74CFA6 /* Pods-Wagr-Assignment.debug.xcconfig */ = {isa = PBXFileReference; includeInIndex = 1; lastKnownFileType = text.xcconfig; name = "Pods-Wagr-Assignment.debug.xcconfig"; path = "Target Support Files/Pods-Wagr-Assignment/Pods-Wagr-Assignment.debug.xcconfig"; sourceTree = "<group>"; };
		29E3EAFCD4760A00B13FCB8E /* Pods_Wagr_AssignmentTests.framework */ = {isa = PBXFileReference; explicitFileType = wrapper.framework; includeInIndex = 0; path = Pods_Wagr_AssignmentTests.framework; sourceTree = BUILT_PRODUCTS_DIR; };
		29FF42EDB7312CBF5F3C9CA4 /* Pods_Wagr_Assignment.framework */ = {isa = PBXFileReference; explicitFileType = wrapper.framework; includeInIndex = 0; path = Pods_Wagr_Assignment.framework; sourceTree = BUILT_PRODUCTS_DIR; };
		6D6F03FD2935EB6555512866 /* Pods-Wagr-Assignment.release.xcconfig */ = {isa = PBXFileReference; includeInIndex = 1; lastKnownFileType = text.xcconfig; name = "Pods-Wagr-Assignment.release.xcconfig"; path = "Target Support Files/Pods-Wagr-Assignment/Pods-Wagr-Assignment.release.xcconfig"; sourceTree = "<group>"; };
		AA2CDF77260E778F00BC8303 /* Wagr-Assignment.app */ = {isa = PBXFileReference; explicitFileType = wrapper.application; includeInIndex = 0; path = "Wagr-Assignment.app"; sourceTree = BUILT_PRODUCTS_DIR; };
		AA2CDF7A260E778F00BC8303 /* AppDelegate.swift */ = {isa = PBXFileReference; lastKnownFileType = sourcecode.swift; path = AppDelegate.swift; sourceTree = "<group>"; };
		AA2CDF7C260E778F00BC8303 /* SceneDelegate.swift */ = {isa = PBXFileReference; lastKnownFileType = sourcecode.swift; path = SceneDelegate.swift; sourceTree = "<group>"; };
		AA2CDF7E260E778F00BC8303 /* BrowseGamesViewController.swift */ = {isa = PBXFileReference; lastKnownFileType = sourcecode.swift; path = BrowseGamesViewController.swift; sourceTree = "<group>"; };
		AA2CDF84260E778F00BC8303 /* Wagr_Assignment.xcdatamodel */ = {isa = PBXFileReference; lastKnownFileType = wrapper.xcdatamodel; path = Wagr_Assignment.xcdatamodel; sourceTree = "<group>"; };
		AA2CDF86260E779300BC8303 /* Assets.xcassets */ = {isa = PBXFileReference; lastKnownFileType = folder.assetcatalog; path = Assets.xcassets; sourceTree = "<group>"; };
		AA2CDF8B260E779300BC8303 /* Info.plist */ = {isa = PBXFileReference; lastKnownFileType = text.plist.xml; path = Info.plist; sourceTree = "<group>"; };
		AA2CDF90260E779300BC8303 /* Wagr-AssignmentTests.xctest */ = {isa = PBXFileReference; explicitFileType = wrapper.cfbundle; includeInIndex = 0; path = "Wagr-AssignmentTests.xctest"; sourceTree = BUILT_PRODUCTS_DIR; };
		AA2CDF94260E779300BC8303 /* Wagr_AssignmentTests.swift */ = {isa = PBXFileReference; lastKnownFileType = sourcecode.swift; path = Wagr_AssignmentTests.swift; sourceTree = "<group>"; };
		AA2CDF96260E779300BC8303 /* Info.plist */ = {isa = PBXFileReference; lastKnownFileType = text.plist.xml; path = Info.plist; sourceTree = "<group>"; };
		AA2CDF9B260E779300BC8303 /* Wagr-AssignmentUITests.xctest */ = {isa = PBXFileReference; explicitFileType = wrapper.cfbundle; includeInIndex = 0; path = "Wagr-AssignmentUITests.xctest"; sourceTree = BUILT_PRODUCTS_DIR; };
		AA2CDF9F260E779300BC8303 /* Wagr_AssignmentUITests.swift */ = {isa = PBXFileReference; lastKnownFileType = sourcecode.swift; path = Wagr_AssignmentUITests.swift; sourceTree = "<group>"; };
		AA2CDFA1260E779300BC8303 /* Info.plist */ = {isa = PBXFileReference; lastKnownFileType = text.plist.xml; path = Info.plist; sourceTree = "<group>"; };
		AA2CDFBF260E8DAF00BC8303 /* NetworkManager.swift */ = {isa = PBXFileReference; lastKnownFileType = sourcecode.swift; path = NetworkManager.swift; sourceTree = "<group>"; };
		AA2CDFC8260E8E1A00BC8303 /* Team+CoreDataClass.swift */ = {isa = PBXFileReference; lastKnownFileType = sourcecode.swift; path = "Team+CoreDataClass.swift"; sourceTree = "<group>"; };
		AA2CDFCA260E8E1A00BC8303 /* Game+CoreDataClass.swift */ = {isa = PBXFileReference; lastKnownFileType = sourcecode.swift; path = "Game+CoreDataClass.swift"; sourceTree = "<group>"; };
		AA703E56260E91320037519B /* CodingUserInfoKey+Context.swift */ = {isa = PBXFileReference; lastKnownFileType = sourcecode.swift; path = "CodingUserInfoKey+Context.swift"; sourceTree = "<group>"; };
		AA703E86260E96EF0037519B /* Team+CoreDataProperties.swift */ = {isa = PBXFileReference; lastKnownFileType = sourcecode.swift; path = "Team+CoreDataProperties.swift"; sourceTree = "<group>"; };
		AA703E87260E96EF0037519B /* Game+CoreDataProperties.swift */ = {isa = PBXFileReference; lastKnownFileType = sourcecode.swift; path = "Game+CoreDataProperties.swift"; sourceTree = "<group>"; };
		AA703E94260EBD0C0037519B /* NetworkError.swift */ = {isa = PBXFileReference; lastKnownFileType = sourcecode.swift; path = NetworkError.swift; sourceTree = "<group>"; };
		AA703EA9260EC5720037519B /* Formatter+ISO8601.swift */ = {isa = PBXFileReference; lastKnownFileType = sourcecode.swift; path = "Formatter+ISO8601.swift"; sourceTree = "<group>"; };
		AA703EBA260EC8170037519B /* GameCell.swift */ = {isa = PBXFileReference; lastKnownFileType = sourcecode.swift; path = GameCell.swift; sourceTree = "<group>"; };
		AA703EBB260EC8170037519B /* GameCell.xib */ = {isa = PBXFileReference; lastKnownFileType = file.xib; path = GameCell.xib; sourceTree = "<group>"; };
		AA703EC5260ECBD30037519B /* CoreDataContainer.swift */ = {isa = PBXFileReference; lastKnownFileType = sourcecode.swift; path = CoreDataContainer.swift; sourceTree = "<group>"; };
		AA703ECD260F979E0037519B /* CoreDataManager.swift */ = {isa = PBXFileReference; lastKnownFileType = sourcecode.swift; path = CoreDataManager.swift; sourceTree = "<group>"; };
		AA703ED6260FA9520037519B /* TeamId.swift */ = {isa = PBXFileReference; lastKnownFileType = sourcecode.swift; path = TeamId.swift; sourceTree = "<group>"; };
		AA703EE1260FC7C70037519B /* Cacheable.swift */ = {isa = PBXFileReference; lastKnownFileType = sourcecode.swift; path = Cacheable.swift; sourceTree = "<group>"; };
		AA703EE6260FC7FE0037519B /* Game+Cacheable.swift */ = {isa = PBXFileReference; lastKnownFileType = sourcecode.swift; path = "Game+Cacheable.swift"; sourceTree = "<group>"; };
		AA703EF9260FCDB00037519B /* Base */ = {isa = PBXFileReference; lastKnownFileType = file.storyboard; name = Base; path = Base.lproj/LaunchScreen.storyboard; sourceTree = "<group>"; };
		AA703EFA260FCDB00037519B /* Base */ = {isa = PBXFileReference; lastKnownFileType = file.storyboard; name = Base; path = Base.lproj/Main.storyboard; sourceTree = "<group>"; };
		AA703F07260FCE4E0037519B /* es */ = {isa = PBXFileReference; lastKnownFileType = text.plist.strings; name = es; path = Localizable.strings; sourceTree = "<group>"; };
		AA703F0A260FCE4E0037519B /* en */ = {isa = PBXFileReference; lastKnownFileType = text.plist.strings; name = en; path = Localizable.strings; sourceTree = "<group>"; };
		AA703F11260FCEFA0037519B /* NetworkReachabilityService.swift */ = {isa = PBXFileReference; lastKnownFileType = sourcecode.swift; path = NetworkReachabilityService.swift; sourceTree = "<group>"; };
		AA86DE0F261407D200429455 /* BrowseGamesView.swift */ = {isa = PBXFileReference; lastKnownFileType = sourcecode.swift; path = BrowseGamesView.swift; sourceTree = "<group>"; };
		AA86DE1A26140BFB00429455 /* BrowseGamesViewController+CollectionView.swift */ = {isa = PBXFileReference; lastKnownFileType = sourcecode.swift; path = "BrowseGamesViewController+CollectionView.swift"; sourceTree = "<group>"; };
		AA86DE1F26140D9000429455 /* BrowseGamesViewController+TableView.swift */ = {isa = PBXFileReference; lastKnownFileType = sourcecode.swift; path = "BrowseGamesViewController+TableView.swift"; sourceTree = "<group>"; };
		AAA005D026112D2D00D97648 /* DateHeader.swift */ = {isa = PBXFileReference; lastKnownFileType = sourcecode.swift; path = DateHeader.swift; sourceTree = "<group>"; };
		AAA005D526112E5D00D97648 /* UIFont+Wagr.swift */ = {isa = PBXFileReference; lastKnownFileType = sourcecode.swift; path = "UIFont+Wagr.swift"; sourceTree = "<group>"; };
		AAA005DA261137FE00D97648 /* DateCollectionViewCell.swift */ = {isa = PBXFileReference; lastKnownFileType = sourcecode.swift; path = DateCollectionViewCell.swift; sourceTree = "<group>"; };
		AAA005DB261137FE00D97648 /* DateCollectionViewCell.xib */ = {isa = PBXFileReference; lastKnownFileType = file.xib; path = DateCollectionViewCell.xib; sourceTree = "<group>"; };
		AAA005F02612416900D97648 /* Roboto-Bold.ttf */ = {isa = PBXFileReference; lastKnownFileType = file; path = "Roboto-Bold.ttf"; sourceTree = "<group>"; };
		AAA005F12612416A00D97648 /* Roboto-Medium.ttf */ = {isa = PBXFileReference; lastKnownFileType = file; path = "Roboto-Medium.ttf"; sourceTree = "<group>"; };
		AAA005F22612416A00D97648 /* Roboto-Black.ttf */ = {isa = PBXFileReference; lastKnownFileType = file; path = "Roboto-Black.ttf"; sourceTree = "<group>"; };
		AAA005F32612416A00D97648 /* Roboto-Thin.ttf */ = {isa = PBXFileReference; lastKnownFileType = file; path = "Roboto-Thin.ttf"; sourceTree = "<group>"; };
		AAA005F42612416A00D97648 /* Roboto-Light.ttf */ = {isa = PBXFileReference; lastKnownFileType = file; path = "Roboto-Light.ttf"; sourceTree = "<group>"; };
		AAA005F52612416A00D97648 /* Roboto-Regular.ttf */ = {isa = PBXFileReference; lastKnownFileType = file; path = "Roboto-Regular.ttf"; sourceTree = "<group>"; };
		AAB6D95126126F7B004A9337 /* AnimatedGradientLayer.swift */ = {isa = PBXFileReference; lastKnownFileType = sourcecode.swift; path = AnimatedGradientLayer.swift; sourceTree = "<group>"; };
		AAB6D956261274BB004A9337 /* UIAlertController+Celebration.swift */ = {isa = PBXFileReference; lastKnownFileType = sourcecode.swift; path = "UIAlertController+Celebration.swift"; sourceTree = "<group>"; };
		AAB6D95E26127718004A9337 /* RoundImageView.swift */ = {isa = PBXFileReference; lastKnownFileType = sourcecode.swift; path = RoundImageView.swift; sourceTree = "<group>"; };
		AAB6D9632612797C004A9337 /* AnalyticsManager.swift */ = {isa = PBXFileReference; lastKnownFileType = sourcecode.swift; path = AnalyticsManager.swift; sourceTree = "<group>"; };
		AAB6D96826129524004A9337 /* FullScreenCelebrationViewController.swift */ = {isa = PBXFileReference; lastKnownFileType = sourcecode.swift; path = FullScreenCelebrationViewController.swift; sourceTree = "<group>"; };
		AAB6D96926129524004A9337 /* FullScreenCelebrationViewController.xib */ = {isa = PBXFileReference; lastKnownFileType = file.xib; path = FullScreenCelebrationViewController.xib; sourceTree = "<group>"; };
		AAB7B83A261364000072181A /* ConfettiLayer.swift */ = {isa = PBXFileReference; lastKnownFileType = sourcecode.swift; path = ConfettiLayer.swift; sourceTree = "<group>"; };
		AAE2657C261261C800AFEF5F /* ModalCelebrationViewController.swift */ = {isa = PBXFileReference; lastKnownFileType = sourcecode.swift; path = ModalCelebrationViewController.swift; sourceTree = "<group>"; };
		AAE2657D261261C800AFEF5F /* ModalCelebrationViewController.xib */ = {isa = PBXFileReference; lastKnownFileType = file.xib; path = ModalCelebrationViewController.xib; sourceTree = "<group>"; };
		AAF89269260FFA750019C10D /* UIColor+Hex.swift */ = {isa = PBXFileReference; lastKnownFileType = sourcecode.swift; path = "UIColor+Hex.swift"; sourceTree = "<group>"; };
		AAF8926F260FFCD00019C10D /* GameViewModel.swift */ = {isa = PBXFileReference; lastKnownFileType = sourcecode.swift; path = GameViewModel.swift; sourceTree = "<group>"; };
		AAF8927A2610017F0019C10D /* TeamViewModel.swift */ = {isa = PBXFileReference; lastKnownFileType = sourcecode.swift; path = TeamViewModel.swift; sourceTree = "<group>"; };
		AAF8927F261027080019C10D /* UIColor+Wagr.swift */ = {isa = PBXFileReference; lastKnownFileType = sourcecode.swift; path = "UIColor+Wagr.swift"; sourceTree = "<group>"; };
		AAF892842610274F0019C10D /* UIImage+Wagr.swift */ = {isa = PBXFileReference; lastKnownFileType = sourcecode.swift; path = "UIImage+Wagr.swift"; sourceTree = "<group>"; };
		AAF8928C2610FEB20019C10D /* Date+Timezone.swift */ = {isa = PBXFileReference; lastKnownFileType = sourcecode.swift; path = "Date+Timezone.swift"; sourceTree = "<group>"; };
		AAF89296261109DF0019C10D /* Quicksand-Medium.ttf */ = {isa = PBXFileReference; lastKnownFileType = file; path = "Quicksand-Medium.ttf"; sourceTree = "<group>"; };
		AAF89297261109DF0019C10D /* Quicksand-Bold.ttf */ = {isa = PBXFileReference; lastKnownFileType = file; path = "Quicksand-Bold.ttf"; sourceTree = "<group>"; };
		AAF89298261109DF0019C10D /* Quicksand-SemiBold.ttf */ = {isa = PBXFileReference; lastKnownFileType = file; path = "Quicksand-SemiBold.ttf"; sourceTree = "<group>"; };
		AAF89299261109DF0019C10D /* Quicksand-Regular.ttf */ = {isa = PBXFileReference; lastKnownFileType = file; path = "Quicksand-Regular.ttf"; sourceTree = "<group>"; };
		AAF8929A261109DF0019C10D /* Quicksand-Light.ttf */ = {isa = PBXFileReference; lastKnownFileType = file; path = "Quicksand-Light.ttf"; sourceTree = "<group>"; };
		AAF892AE26111BF80019C10D /* GameSorter.swift */ = {isa = PBXFileReference; lastKnownFileType = sourcecode.swift; path = GameSorter.swift; sourceTree = "<group>"; };
		AAF892B326111DF90019C10D /* Calendar+DaysBetween.swift */ = {isa = PBXFileReference; lastKnownFileType = sourcecode.swift; path = "Calendar+DaysBetween.swift"; sourceTree = "<group>"; };
		AAF892B8261121400019C10D /* Date+FakeCurrentDate.swift */ = {isa = PBXFileReference; lastKnownFileType = sourcecode.swift; path = "Date+FakeCurrentDate.swift"; sourceTree = "<group>"; };
		AAF892BD261125A20019C10D /* GoogleService-Info.plist */ = {isa = PBXFileReference; fileEncoding = 4; lastKnownFileType = text.plist.xml; path = "GoogleService-Info.plist"; sourceTree = "<group>"; };
		D7541A9FB6701F250BF3312D /* Pods-Wagr-Assignment-Wagr-AssignmentUITests.release.xcconfig */ = {isa = PBXFileReference; includeInIndex = 1; lastKnownFileType = text.xcconfig; name = "Pods-Wagr-Assignment-Wagr-AssignmentUITests.release.xcconfig"; path = "Target Support Files/Pods-Wagr-Assignment-Wagr-AssignmentUITests/Pods-Wagr-Assignment-Wagr-AssignmentUITests.release.xcconfig"; sourceTree = "<group>"; };
		DE84E952EC46EA91CA19375D /* Pods_Wagr_Assignment_Wagr_AssignmentUITests.framework */ = {isa = PBXFileReference; explicitFileType = wrapper.framework; includeInIndex = 0; path = Pods_Wagr_Assignment_Wagr_AssignmentUITests.framework; sourceTree = BUILT_PRODUCTS_DIR; };
		F1531D49507DF411965AD39F /* Pods-Wagr-Assignment-Wagr-AssignmentUITests.debug.xcconfig */ = {isa = PBXFileReference; includeInIndex = 1; lastKnownFileType = text.xcconfig; name = "Pods-Wagr-Assignment-Wagr-AssignmentUITests.debug.xcconfig"; path = "Target Support Files/Pods-Wagr-Assignment-Wagr-AssignmentUITests/Pods-Wagr-Assignment-Wagr-AssignmentUITests.debug.xcconfig"; sourceTree = "<group>"; };
		F4C5F3374A30AEF7283C813B /* Pods-Wagr-AssignmentTests.release.xcconfig */ = {isa = PBXFileReference; includeInIndex = 1; lastKnownFileType = text.xcconfig; name = "Pods-Wagr-AssignmentTests.release.xcconfig"; path = "Target Support Files/Pods-Wagr-AssignmentTests/Pods-Wagr-AssignmentTests.release.xcconfig"; sourceTree = "<group>"; };
		FD4B6B332F07DF596C509431 /* Pods-Wagr-AssignmentTests.debug.xcconfig */ = {isa = PBXFileReference; includeInIndex = 1; lastKnownFileType = text.xcconfig; name = "Pods-Wagr-AssignmentTests.debug.xcconfig"; path = "Target Support Files/Pods-Wagr-AssignmentTests/Pods-Wagr-AssignmentTests.debug.xcconfig"; sourceTree = "<group>"; };
/* End PBXFileReference section */

/* Begin PBXFrameworksBuildPhase section */
		AA2CDF74260E778F00BC8303 /* Frameworks */ = {
			isa = PBXFrameworksBuildPhase;
			buildActionMask = 2147483647;
			files = (
				1E99C9B0CB9CD0337B144B0D /* Pods_Wagr_Assignment.framework in Frameworks */,
			);
			runOnlyForDeploymentPostprocessing = 0;
		};
		AA2CDF8D260E779300BC8303 /* Frameworks */ = {
			isa = PBXFrameworksBuildPhase;
			buildActionMask = 2147483647;
			files = (
				D3A21C30A3ABDD419BC9C6BD /* Pods_Wagr_AssignmentTests.framework in Frameworks */,
			);
			runOnlyForDeploymentPostprocessing = 0;
		};
		AA2CDF98260E779300BC8303 /* Frameworks */ = {
			isa = PBXFrameworksBuildPhase;
			buildActionMask = 2147483647;
			files = (
				D4FCEABC7A3AB1C57C94D288 /* Pods_Wagr_Assignment_Wagr_AssignmentUITests.framework in Frameworks */,
			);
			runOnlyForDeploymentPostprocessing = 0;
		};
/* End PBXFrameworksBuildPhase section */

/* Begin PBXGroup section */
		AA2CDF6E260E778F00BC8303 = {
			isa = PBXGroup;
			children = (
				AA2CDF79260E778F00BC8303 /* Wagr-Assignment */,
				AA2CDF93260E779300BC8303 /* Wagr-AssignmentTests */,
				AA2CDF9E260E779300BC8303 /* Wagr-AssignmentUITests */,
				AA2CDF78260E778F00BC8303 /* Products */,
				F1EC1879EE5C1B8EBF0789CB /* Pods */,
				CD2B07C2DC568A5B870758F0 /* Frameworks */,
			);
			sourceTree = "<group>";
		};
		AA2CDF78260E778F00BC8303 /* Products */ = {
			isa = PBXGroup;
			children = (
				AA2CDF77260E778F00BC8303 /* Wagr-Assignment.app */,
				AA2CDF90260E779300BC8303 /* Wagr-AssignmentTests.xctest */,
				AA2CDF9B260E779300BC8303 /* Wagr-AssignmentUITests.xctest */,
			);
			name = Products;
			sourceTree = "<group>";
		};
		AA2CDF79260E778F00BC8303 /* Wagr-Assignment */ = {
			isa = PBXGroup;
			children = (
				AA86DE08261407B700429455 /* Views */,
				AAA005C326112C6D00D97648 /* Common */,
				AA703F10260FCE920037519B /* Components */,
				AA703ED5260FA94B0037519B /* Models */,
				AA2CDFB6260E8B6300BC8303 /* ViewControllers */,
				AA2CDFBE260E8D8900BC8303 /* Networking */,
				AAF8926E260FFCC20019C10D /* ViewModels */,
				AA2CDFB7260E8B7500BC8303 /* CoreData */,
				AA2CDFB5260E8B4700BC8303 /* UI */,
				AA2CDFB4260E8B3A00BC8303 /* Resources */,
				AA2CDFB3260E8B3400BC8303 /* App */,
			);
			path = "Wagr-Assignment";
			sourceTree = "<group>";
		};
		AA2CDF93260E779300BC8303 /* Wagr-AssignmentTests */ = {
			isa = PBXGroup;
			children = (
				AA2CDF94260E779300BC8303 /* Wagr_AssignmentTests.swift */,
				AA2CDF96260E779300BC8303 /* Info.plist */,
			);
			path = "Wagr-AssignmentTests";
			sourceTree = "<group>";
		};
		AA2CDF9E260E779300BC8303 /* Wagr-AssignmentUITests */ = {
			isa = PBXGroup;
			children = (
				AA2CDF9F260E779300BC8303 /* Wagr_AssignmentUITests.swift */,
				AA2CDFA1260E779300BC8303 /* Info.plist */,
			);
			path = "Wagr-AssignmentUITests";
			sourceTree = "<group>";
		};
		AA2CDFB3260E8B3400BC8303 /* App */ = {
			isa = PBXGroup;
			children = (
				AA2CDF7C260E778F00BC8303 /* SceneDelegate.swift */,
				AA2CDF7A260E778F00BC8303 /* AppDelegate.swift */,
				AA2CDF8B260E779300BC8303 /* Info.plist */,
			);
			path = App;
			sourceTree = "<group>";
		};
		AA2CDFB4260E8B3A00BC8303 /* Resources */ = {
			isa = PBXGroup;
			children = (
				AAF892BD261125A20019C10D /* GoogleService-Info.plist */,
				AAF89291261109C50019C10D /* Fonts */,
				AA703F08260FCE4E0037519B /* en.lproj */,
				AA703F05260FCE4E0037519B /* es.lproj */,
				AA2CDF86260E779300BC8303 /* Assets.xcassets */,
			);
			path = Resources;
			sourceTree = "<group>";
		};
		AA2CDFB5260E8B4700BC8303 /* UI */ = {
			isa = PBXGroup;
			children = (
				AA2CDF88260E779300BC8303 /* LaunchScreen.storyboard */,
				AA2CDF80260E778F00BC8303 /* Main.storyboard */,
			);
			path = UI;
			sourceTree = "<group>";
		};
		AA2CDFB6260E8B6300BC8303 /* ViewControllers */ = {
			isa = PBXGroup;
			children = (
				AA2CDF7E260E778F00BC8303 /* BrowseGamesViewController.swift */,
				AAE2657C261261C800AFEF5F /* ModalCelebrationViewController.swift */,
				AAE2657D261261C800AFEF5F /* ModalCelebrationViewController.xib */,
				AAB6D96826129524004A9337 /* FullScreenCelebrationViewController.swift */,
				AAB6D96926129524004A9337 /* FullScreenCelebrationViewController.xib */,
				AA86DE1A26140BFB00429455 /* BrowseGamesViewController+CollectionView.swift */,
				AA86DE1F26140D9000429455 /* BrowseGamesViewController+TableView.swift */,
			);
			path = ViewControllers;
			sourceTree = "<group>";
		};
		AA2CDFB7260E8B7500BC8303 /* CoreData */ = {
			isa = PBXGroup;
			children = (
				AA703E86260E96EF0037519B /* Team+CoreDataProperties.swift */,
				AA703E87260E96EF0037519B /* Game+CoreDataProperties.swift */,
				AA2CDFC8260E8E1A00BC8303 /* Team+CoreDataClass.swift */,
				AA2CDFCA260E8E1A00BC8303 /* Game+CoreDataClass.swift */,
				AA2CDF83260E778F00BC8303 /* Wagr_Assignment.xcdatamodeld */,
				AA703ECD260F979E0037519B /* CoreDataManager.swift */,
				AA703EE6260FC7FE0037519B /* Game+Cacheable.swift */,
			);
			path = CoreData;
			sourceTree = "<group>";
		};
		AA2CDFBE260E8D8900BC8303 /* Networking */ = {
			isa = PBXGroup;
			children = (
				AA703E94260EBD0C0037519B /* NetworkError.swift */,
				AA2CDFBF260E8DAF00BC8303 /* NetworkManager.swift */,
			);
			path = Networking;
			sourceTree = "<group>";
		};
		AA703E55260E911B0037519B /* Extensions */ = {
			isa = PBXGroup;
			children = (
				AA703E56260E91320037519B /* CodingUserInfoKey+Context.swift */,
				AA703EA9260EC5720037519B /* Formatter+ISO8601.swift */,
				AAF89269260FFA750019C10D /* UIColor+Hex.swift */,
				AAF8927F261027080019C10D /* UIColor+Wagr.swift */,
				AAF892842610274F0019C10D /* UIImage+Wagr.swift */,
				AAF8928C2610FEB20019C10D /* Date+Timezone.swift */,
				AAF892B326111DF90019C10D /* Calendar+DaysBetween.swift */,
				AAF892B8261121400019C10D /* Date+FakeCurrentDate.swift */,
				AAA005D526112E5D00D97648 /* UIFont+Wagr.swift */,
				AAB6D956261274BB004A9337 /* UIAlertController+Celebration.swift */,
			);
			path = Extensions;
			sourceTree = "<group>";
		};
		AA703EAE260EC7EB0037519B /* Cells */ = {
			isa = PBXGroup;
			children = (
				AA703EBA260EC8170037519B /* GameCell.swift */,
				AA703EBB260EC8170037519B /* GameCell.xib */,
				AAA005D026112D2D00D97648 /* DateHeader.swift */,
				AAA005DA261137FE00D97648 /* DateCollectionViewCell.swift */,
				AAA005DB261137FE00D97648 /* DateCollectionViewCell.xib */,
			);
			path = Cells;
			sourceTree = "<group>";
		};
		AA703EC4260ECBC60037519B /* Protocols */ = {
			isa = PBXGroup;
			children = (
				AA703EC5260ECBD30037519B /* CoreDataContainer.swift */,
				AA703EE1260FC7C70037519B /* Cacheable.swift */,
			);
			path = Protocols;
			sourceTree = "<group>";
		};
		AA703ED5260FA94B0037519B /* Models */ = {
			isa = PBXGroup;
			children = (
				AA703ED6260FA9520037519B /* TeamId.swift */,
			);
			path = Models;
			sourceTree = "<group>";
		};
		AA703F05260FCE4E0037519B /* es.lproj */ = {
			isa = PBXGroup;
			children = (
				AA703F06260FCE4E0037519B /* Localizable.strings */,
			);
			path = es.lproj;
			sourceTree = "<group>";
		};
		AA703F08260FCE4E0037519B /* en.lproj */ = {
			isa = PBXGroup;
			children = (
				AA703F09260FCE4E0037519B /* Localizable.strings */,
			);
			path = en.lproj;
			sourceTree = "<group>";
		};
		AA703F10260FCE920037519B /* Components */ = {
			isa = PBXGroup;
			children = (
				AA703EAE260EC7EB0037519B /* Cells */,
				AA703F11260FCEFA0037519B /* NetworkReachabilityService.swift */,
				AAF892AE26111BF80019C10D /* GameSorter.swift */,
				AAB6D95126126F7B004A9337 /* AnimatedGradientLayer.swift */,
				AAB6D95E26127718004A9337 /* RoundImageView.swift */,
				AAB7B83A261364000072181A /* ConfettiLayer.swift */,
			);
			path = Components;
			sourceTree = "<group>";
		};
		AA86DE08261407B700429455 /* Views */ = {
			isa = PBXGroup;
			children = (
				AA86DE0F261407D200429455 /* BrowseGamesView.swift */,
			);
			path = Views;
			sourceTree = "<group>";
		};
		AAA005C326112C6D00D97648 /* Common */ = {
			isa = PBXGroup;
			children = (
				AA703EC4260ECBC60037519B /* Protocols */,
				AA703E55260E911B0037519B /* Extensions */,
				AAB6D9632612797C004A9337 /* AnalyticsManager.swift */,
			);
			path = Common;
			sourceTree = "<group>";
		};
		AAA005EF2612415E00D97648 /* Roboto */ = {
			isa = PBXGroup;
			children = (
				AAA005F22612416A00D97648 /* Roboto-Black.ttf */,
				AAA005F02612416900D97648 /* Roboto-Bold.ttf */,
				AAA005F42612416A00D97648 /* Roboto-Light.ttf */,
				AAA005F12612416A00D97648 /* Roboto-Medium.ttf */,
				AAA005F52612416A00D97648 /* Roboto-Regular.ttf */,
				AAA005F32612416A00D97648 /* Roboto-Thin.ttf */,
			);
			path = Roboto;
			sourceTree = "<group>";
		};
		AAF8926E260FFCC20019C10D /* ViewModels */ = {
			isa = PBXGroup;
			children = (
				AAF8926F260FFCD00019C10D /* GameViewModel.swift */,
				AAF8927A2610017F0019C10D /* TeamViewModel.swift */,
			);
			path = ViewModels;
			sourceTree = "<group>";
		};
		AAF89291261109C50019C10D /* Fonts */ = {
			isa = PBXGroup;
			children = (
				AAA005EF2612415E00D97648 /* Roboto */,
				AAF89292261109CF0019C10D /* Quicksand */,
			);
			path = Fonts;
			sourceTree = "<group>";
		};
		AAF89292261109CF0019C10D /* Quicksand */ = {
			isa = PBXGroup;
			children = (
				AAF89297261109DF0019C10D /* Quicksand-Bold.ttf */,
				AAF8929A261109DF0019C10D /* Quicksand-Light.ttf */,
				AAF89296261109DF0019C10D /* Quicksand-Medium.ttf */,
				AAF89299261109DF0019C10D /* Quicksand-Regular.ttf */,
				AAF89298261109DF0019C10D /* Quicksand-SemiBold.ttf */,
			);
			path = Quicksand;
			sourceTree = "<group>";
		};
		CD2B07C2DC568A5B870758F0 /* Frameworks */ = {
			isa = PBXGroup;
			children = (
				29FF42EDB7312CBF5F3C9CA4 /* Pods_Wagr_Assignment.framework */,
				DE84E952EC46EA91CA19375D /* Pods_Wagr_Assignment_Wagr_AssignmentUITests.framework */,
				29E3EAFCD4760A00B13FCB8E /* Pods_Wagr_AssignmentTests.framework */,
			);
			name = Frameworks;
			sourceTree = "<group>";
		};
		F1EC1879EE5C1B8EBF0789CB /* Pods */ = {
			isa = PBXGroup;
			children = (
				2299B4779204C4161F74CFA6 /* Pods-Wagr-Assignment.debug.xcconfig */,
				6D6F03FD2935EB6555512866 /* Pods-Wagr-Assignment.release.xcconfig */,
				F1531D49507DF411965AD39F /* Pods-Wagr-Assignment-Wagr-AssignmentUITests.debug.xcconfig */,
				D7541A9FB6701F250BF3312D /* Pods-Wagr-Assignment-Wagr-AssignmentUITests.release.xcconfig */,
				FD4B6B332F07DF596C509431 /* Pods-Wagr-AssignmentTests.debug.xcconfig */,
				F4C5F3374A30AEF7283C813B /* Pods-Wagr-AssignmentTests.release.xcconfig */,
			);
			path = Pods;
			sourceTree = "<group>";
		};
/* End PBXGroup section */

/* Begin PBXNativeTarget section */
		AA2CDF76260E778F00BC8303 /* Wagr-Assignment */ = {
			isa = PBXNativeTarget;
			buildConfigurationList = AA2CDFA4260E779300BC8303 /* Build configuration list for PBXNativeTarget "Wagr-Assignment" */;
			buildPhases = (
				E4FEE4B880823E1995CF0A7A /* [CP] Check Pods Manifest.lock */,
				AA2CDF73260E778F00BC8303 /* Sources */,
				AA2CDF74260E778F00BC8303 /* Frameworks */,
				AA2CDF75260E778F00BC8303 /* Resources */,
				AAAB50DA2611266200AE4ED3 /* Crashlytics */,
				B4ADDE68420AD664ED8A7D6F /* [CP] Embed Pods Frameworks */,
			);
			buildRules = (
			);
			dependencies = (
			);
			name = "Wagr-Assignment";
			productName = "Wagr-Assignment";
			productReference = AA2CDF77260E778F00BC8303 /* Wagr-Assignment.app */;
			productType = "com.apple.product-type.application";
		};
		AA2CDF8F260E779300BC8303 /* Wagr-AssignmentTests */ = {
			isa = PBXNativeTarget;
			buildConfigurationList = AA2CDFA7260E779300BC8303 /* Build configuration list for PBXNativeTarget "Wagr-AssignmentTests" */;
			buildPhases = (
				25D0AFAE89B075E32619F33F /* [CP] Check Pods Manifest.lock */,
				AA2CDF8C260E779300BC8303 /* Sources */,
				AA2CDF8D260E779300BC8303 /* Frameworks */,
				AA2CDF8E260E779300BC8303 /* Resources */,
			);
			buildRules = (
			);
			dependencies = (
				AA2CDF92260E779300BC8303 /* PBXTargetDependency */,
			);
			name = "Wagr-AssignmentTests";
			productName = "Wagr-AssignmentTests";
			productReference = AA2CDF90260E779300BC8303 /* Wagr-AssignmentTests.xctest */;
			productType = "com.apple.product-type.bundle.unit-test";
		};
		AA2CDF9A260E779300BC8303 /* Wagr-AssignmentUITests */ = {
			isa = PBXNativeTarget;
			buildConfigurationList = AA2CDFAA260E779300BC8303 /* Build configuration list for PBXNativeTarget "Wagr-AssignmentUITests" */;
			buildPhases = (
				B1C0175CB04CD5797B3E5340 /* [CP] Check Pods Manifest.lock */,
				AA2CDF97260E779300BC8303 /* Sources */,
				AA2CDF98260E779300BC8303 /* Frameworks */,
				AA2CDF99260E779300BC8303 /* Resources */,
				EAD648401DC3FD90CB65875D /* [CP] Embed Pods Frameworks */,
			);
			buildRules = (
			);
			dependencies = (
				AA2CDF9D260E779300BC8303 /* PBXTargetDependency */,
			);
			name = "Wagr-AssignmentUITests";
			productName = "Wagr-AssignmentUITests";
			productReference = AA2CDF9B260E779300BC8303 /* Wagr-AssignmentUITests.xctest */;
			productType = "com.apple.product-type.bundle.ui-testing";
		};
/* End PBXNativeTarget section */

/* Begin PBXProject section */
		AA2CDF6F260E778F00BC8303 /* Project object */ = {
			isa = PBXProject;
			attributes = {
				LastSwiftUpdateCheck = 1240;
				LastUpgradeCheck = 1240;
				TargetAttributes = {
					AA2CDF76260E778F00BC8303 = {
						CreatedOnToolsVersion = 12.4;
					};
					AA2CDF8F260E779300BC8303 = {
						CreatedOnToolsVersion = 12.4;
						TestTargetID = AA2CDF76260E778F00BC8303;
					};
					AA2CDF9A260E779300BC8303 = {
						CreatedOnToolsVersion = 12.4;
						TestTargetID = AA2CDF76260E778F00BC8303;
					};
				};
			};
			buildConfigurationList = AA2CDF72260E778F00BC8303 /* Build configuration list for PBXProject "Wagr-Assignment" */;
			compatibilityVersion = "Xcode 9.3";
			developmentRegion = en;
			hasScannedForEncodings = 0;
			knownRegions = (
				en,
				Base,
				es,
			);
			mainGroup = AA2CDF6E260E778F00BC8303;
			productRefGroup = AA2CDF78260E778F00BC8303 /* Products */;
			projectDirPath = "";
			projectRoot = "";
			targets = (
				AA2CDF76260E778F00BC8303 /* Wagr-Assignment */,
				AA2CDF8F260E779300BC8303 /* Wagr-AssignmentTests */,
				AA2CDF9A260E779300BC8303 /* Wagr-AssignmentUITests */,
			);
		};
/* End PBXProject section */

/* Begin PBXResourcesBuildPhase section */
		AA2CDF75260E778F00BC8303 /* Resources */ = {
			isa = PBXResourcesBuildPhase;
			buildActionMask = 2147483647;
			files = (
				AAA005F62612416A00D97648 /* Roboto-Bold.ttf in Resources */,
				AAF8929D261109DF0019C10D /* Quicksand-SemiBold.ttf in Resources */,
				AAA005F92612416A00D97648 /* Roboto-Thin.ttf in Resources */,
				AA703F0B260FCE4E0037519B /* Localizable.strings in Resources */,
				AA703F0C260FCE4E0037519B /* Localizable.strings in Resources */,
				AAF8929B261109DF0019C10D /* Quicksand-Medium.ttf in Resources */,
				AAA005F72612416A00D97648 /* Roboto-Medium.ttf in Resources */,
				AAF8929F261109DF0019C10D /* Quicksand-Light.ttf in Resources */,
				AAA005FA2612416A00D97648 /* Roboto-Light.ttf in Resources */,
				AAF892BE261125A20019C10D /* GoogleService-Info.plist in Resources */,
				AA2CDF8A260E779300BC8303 /* LaunchScreen.storyboard in Resources */,
				AA2CDF87260E779300BC8303 /* Assets.xcassets in Resources */,
				AA2CDF82260E778F00BC8303 /* Main.storyboard in Resources */,
				AAA005F82612416A00D97648 /* Roboto-Black.ttf in Resources */,
				AAA005DD261137FE00D97648 /* DateCollectionViewCell.xib in Resources */,
				AAB6D96B26129524004A9337 /* FullScreenCelebrationViewController.xib in Resources */,
				AAE2657F261261C800AFEF5F /* ModalCelebrationViewController.xib in Resources */,
				AAA005FB2612416A00D97648 /* Roboto-Regular.ttf in Resources */,
				AA703EBD260EC8170037519B /* GameCell.xib in Resources */,
				AAF8929C261109DF0019C10D /* Quicksand-Bold.ttf in Resources */,
				AAF8929E261109DF0019C10D /* Quicksand-Regular.ttf in Resources */,
			);
			runOnlyForDeploymentPostprocessing = 0;
		};
		AA2CDF8E260E779300BC8303 /* Resources */ = {
			isa = PBXResourcesBuildPhase;
			buildActionMask = 2147483647;
			files = (
			);
			runOnlyForDeploymentPostprocessing = 0;
		};
		AA2CDF99260E779300BC8303 /* Resources */ = {
			isa = PBXResourcesBuildPhase;
			buildActionMask = 2147483647;
			files = (
			);
			runOnlyForDeploymentPostprocessing = 0;
		};
/* End PBXResourcesBuildPhase section */

/* Begin PBXShellScriptBuildPhase section */
		25D0AFAE89B075E32619F33F /* [CP] Check Pods Manifest.lock */ = {
			isa = PBXShellScriptBuildPhase;
			buildActionMask = 2147483647;
			files = (
			);
			inputFileListPaths = (
			);
			inputPaths = (
				"${PODS_PODFILE_DIR_PATH}/Podfile.lock",
				"${PODS_ROOT}/Manifest.lock",
			);
			name = "[CP] Check Pods Manifest.lock";
			outputFileListPaths = (
			);
			outputPaths = (
				"$(DERIVED_FILE_DIR)/Pods-Wagr-AssignmentTests-checkManifestLockResult.txt",
			);
			runOnlyForDeploymentPostprocessing = 0;
			shellPath = /bin/sh;
			shellScript = "diff \"${PODS_PODFILE_DIR_PATH}/Podfile.lock\" \"${PODS_ROOT}/Manifest.lock\" > /dev/null\nif [ $? != 0 ] ; then\n    # print error to STDERR\n    echo \"error: The sandbox is not in sync with the Podfile.lock. Run 'pod install' or update your CocoaPods installation.\" >&2\n    exit 1\nfi\n# This output is used by Xcode 'outputs' to avoid re-running this script phase.\necho \"SUCCESS\" > \"${SCRIPT_OUTPUT_FILE_0}\"\n";
			showEnvVarsInLog = 0;
		};
		AAAB50DA2611266200AE4ED3 /* Crashlytics */ = {
			isa = PBXShellScriptBuildPhase;
			buildActionMask = 2147483647;
			files = (
			);
			inputFileListPaths = (
			);
			inputPaths = (
				"$(SRCROOT)/$(BUILT_PRODUCTS_DIR)/$(INFOPLIST_PATH)",
				"${DWARF_DSYM_FOLDER_PATH}/${DWARF_DSYM_FILE_NAME}/Contents/Resources/DWARF/${TARGET_NAME}",
			);
			name = Crashlytics;
			outputFileListPaths = (
			);
			outputPaths = (
			);
			runOnlyForDeploymentPostprocessing = 0;
			shellPath = /bin/sh;
			shellScript = "\"${PODS_ROOT}/FirebaseCrashlytics/run\"\n";
		};
		B1C0175CB04CD5797B3E5340 /* [CP] Check Pods Manifest.lock */ = {
			isa = PBXShellScriptBuildPhase;
			buildActionMask = 2147483647;
			files = (
			);
			inputFileListPaths = (
			);
			inputPaths = (
				"${PODS_PODFILE_DIR_PATH}/Podfile.lock",
				"${PODS_ROOT}/Manifest.lock",
			);
			name = "[CP] Check Pods Manifest.lock";
			outputFileListPaths = (
			);
			outputPaths = (
				"$(DERIVED_FILE_DIR)/Pods-Wagr-Assignment-Wagr-AssignmentUITests-checkManifestLockResult.txt",
			);
			runOnlyForDeploymentPostprocessing = 0;
			shellPath = /bin/sh;
			shellScript = "diff \"${PODS_PODFILE_DIR_PATH}/Podfile.lock\" \"${PODS_ROOT}/Manifest.lock\" > /dev/null\nif [ $? != 0 ] ; then\n    # print error to STDERR\n    echo \"error: The sandbox is not in sync with the Podfile.lock. Run 'pod install' or update your CocoaPods installation.\" >&2\n    exit 1\nfi\n# This output is used by Xcode 'outputs' to avoid re-running this script phase.\necho \"SUCCESS\" > \"${SCRIPT_OUTPUT_FILE_0}\"\n";
			showEnvVarsInLog = 0;
		};
		B4ADDE68420AD664ED8A7D6F /* [CP] Embed Pods Frameworks */ = {
			isa = PBXShellScriptBuildPhase;
			buildActionMask = 2147483647;
			files = (
			);
			inputFileListPaths = (
				"${PODS_ROOT}/Target Support Files/Pods-Wagr-Assignment/Pods-Wagr-Assignment-frameworks-${CONFIGURATION}-input-files.xcfilelist",
			);
			name = "[CP] Embed Pods Frameworks";
			outputFileListPaths = (
				"${PODS_ROOT}/Target Support Files/Pods-Wagr-Assignment/Pods-Wagr-Assignment-frameworks-${CONFIGURATION}-output-files.xcfilelist",
			);
			runOnlyForDeploymentPostprocessing = 0;
			shellPath = /bin/sh;
			shellScript = "\"${PODS_ROOT}/Target Support Files/Pods-Wagr-Assignment/Pods-Wagr-Assignment-frameworks.sh\"\n";
			showEnvVarsInLog = 0;
		};
		E4FEE4B880823E1995CF0A7A /* [CP] Check Pods Manifest.lock */ = {
			isa = PBXShellScriptBuildPhase;
			buildActionMask = 2147483647;
			files = (
			);
			inputFileListPaths = (
			);
			inputPaths = (
				"${PODS_PODFILE_DIR_PATH}/Podfile.lock",
				"${PODS_ROOT}/Manifest.lock",
			);
			name = "[CP] Check Pods Manifest.lock";
			outputFileListPaths = (
			);
			outputPaths = (
				"$(DERIVED_FILE_DIR)/Pods-Wagr-Assignment-checkManifestLockResult.txt",
			);
			runOnlyForDeploymentPostprocessing = 0;
			shellPath = /bin/sh;
			shellScript = "diff \"${PODS_PODFILE_DIR_PATH}/Podfile.lock\" \"${PODS_ROOT}/Manifest.lock\" > /dev/null\nif [ $? != 0 ] ; then\n    # print error to STDERR\n    echo \"error: The sandbox is not in sync with the Podfile.lock. Run 'pod install' or update your CocoaPods installation.\" >&2\n    exit 1\nfi\n# This output is used by Xcode 'outputs' to avoid re-running this script phase.\necho \"SUCCESS\" > \"${SCRIPT_OUTPUT_FILE_0}\"\n";
			showEnvVarsInLog = 0;
		};
		EAD648401DC3FD90CB65875D /* [CP] Embed Pods Frameworks */ = {
			isa = PBXShellScriptBuildPhase;
			buildActionMask = 2147483647;
			files = (
			);
			inputFileListPaths = (
				"${PODS_ROOT}/Target Support Files/Pods-Wagr-Assignment-Wagr-AssignmentUITests/Pods-Wagr-Assignment-Wagr-AssignmentUITests-frameworks-${CONFIGURATION}-input-files.xcfilelist",
			);
			name = "[CP] Embed Pods Frameworks";
			outputFileListPaths = (
				"${PODS_ROOT}/Target Support Files/Pods-Wagr-Assignment-Wagr-AssignmentUITests/Pods-Wagr-Assignment-Wagr-AssignmentUITests-frameworks-${CONFIGURATION}-output-files.xcfilelist",
			);
			runOnlyForDeploymentPostprocessing = 0;
			shellPath = /bin/sh;
			shellScript = "\"${PODS_ROOT}/Target Support Files/Pods-Wagr-Assignment-Wagr-AssignmentUITests/Pods-Wagr-Assignment-Wagr-AssignmentUITests-frameworks.sh\"\n";
			showEnvVarsInLog = 0;
		};
/* End PBXShellScriptBuildPhase section */

/* Begin PBXSourcesBuildPhase section */
		AA2CDF73260E778F00BC8303 /* Sources */ = {
			isa = PBXSourcesBuildPhase;
			buildActionMask = 2147483647;
			files = (
				AAB6D9642612797C004A9337 /* AnalyticsManager.swift in Sources */,
				AA2CDFCC260E8E1A00BC8303 /* Team+CoreDataClass.swift in Sources */,
				AAF892B426111DF90019C10D /* Calendar+DaysBetween.swift in Sources */,
				AA2CDFCE260E8E1A00BC8303 /* Game+CoreDataClass.swift in Sources */,
				AAB6D96A26129524004A9337 /* FullScreenCelebrationViewController.swift in Sources */,
				AAE2657E261261C800AFEF5F /* ModalCelebrationViewController.swift in Sources */,
				AAA005D126112D2D00D97648 /* DateHeader.swift in Sources */,
				AA703EBC260EC8170037519B /* GameCell.swift in Sources */,
				AAF8927B2610017F0019C10D /* TeamViewModel.swift in Sources */,
				AAF892AF26111BF80019C10D /* GameSorter.swift in Sources */,
				AA86DE10261407D200429455 /* BrowseGamesView.swift in Sources */,
				AA703ECE260F979E0037519B /* CoreDataManager.swift in Sources */,
				AAF89280261027080019C10D /* UIColor+Wagr.swift in Sources */,
				AAB6D95226126F7B004A9337 /* AnimatedGradientLayer.swift in Sources */,
				AA703EE2260FC7C70037519B /* Cacheable.swift in Sources */,
				AA2CDF7F260E778F00BC8303 /* BrowseGamesViewController.swift in Sources */,
				AAF8928D2610FEB20019C10D /* Date+Timezone.swift in Sources */,
				AA2CDF85260E778F00BC8303 /* Wagr_Assignment.xcdatamodeld in Sources */,
				AA703F12260FCEFA0037519B /* NetworkReachabilityService.swift in Sources */,
				AAB6D957261274BB004A9337 /* UIAlertController+Celebration.swift in Sources */,
				AA703E57260E91320037519B /* CodingUserInfoKey+Context.swift in Sources */,
				AAA005D626112E5D00D97648 /* UIFont+Wagr.swift in Sources */,
				AAF892B9261121400019C10D /* Date+FakeCurrentDate.swift in Sources */,
				AAF8926A260FFA750019C10D /* UIColor+Hex.swift in Sources */,
				AAB7B83B261364000072181A /* ConfettiLayer.swift in Sources */,
				AA703E89260E96EF0037519B /* Game+CoreDataProperties.swift in Sources */,
				AA2CDFC0260E8DAF00BC8303 /* NetworkManager.swift in Sources */,
				AA2CDF7B260E778F00BC8303 /* AppDelegate.swift in Sources */,
				AA2CDF7D260E778F00BC8303 /* SceneDelegate.swift in Sources */,
				AAB6D95F26127718004A9337 /* RoundImageView.swift in Sources */,
				AA703ED7260FA9520037519B /* TeamId.swift in Sources */,
				AAA005DC261137FE00D97648 /* DateCollectionViewCell.swift in Sources */,
				AA703E95260EBD0C0037519B /* NetworkError.swift in Sources */,
				AA86DE1B26140BFB00429455 /* BrowseGamesViewController+CollectionView.swift in Sources */,
				AAF892852610274F0019C10D /* UIImage+Wagr.swift in Sources */,
				AA703E88260E96EF0037519B /* Team+CoreDataProperties.swift in Sources */,
				AA86DE2026140D9000429455 /* BrowseGamesViewController+TableView.swift in Sources */,
				AA703EC6260ECBD30037519B /* CoreDataContainer.swift in Sources */,
				AA703EE7260FC7FE0037519B /* Game+Cacheable.swift in Sources */,
				AA703EAA260EC5720037519B /* Formatter+ISO8601.swift in Sources */,
				AAF89270260FFCD00019C10D /* GameViewModel.swift in Sources */,
			);
			runOnlyForDeploymentPostprocessing = 0;
		};
		AA2CDF8C260E779300BC8303 /* Sources */ = {
			isa = PBXSourcesBuildPhase;
			buildActionMask = 2147483647;
			files = (
				AA703E9F260EC55D0037519B /* NetworkError.swift in Sources */,
				AA2CDFC1260E8DAF00BC8303 /* NetworkManager.swift in Sources */,
				AA2CDF95260E779300BC8303 /* Wagr_AssignmentTests.swift in Sources */,
			);
			runOnlyForDeploymentPostprocessing = 0;
		};
		AA2CDF97260E779300BC8303 /* Sources */ = {
			isa = PBXSourcesBuildPhase;
			buildActionMask = 2147483647;
			files = (
				AA2CDFA0260E779300BC8303 /* Wagr_AssignmentUITests.swift in Sources */,
			);
			runOnlyForDeploymentPostprocessing = 0;
		};
/* End PBXSourcesBuildPhase section */

/* Begin PBXTargetDependency section */
		AA2CDF92260E779300BC8303 /* PBXTargetDependency */ = {
			isa = PBXTargetDependency;
			target = AA2CDF76260E778F00BC8303 /* Wagr-Assignment */;
			targetProxy = AA2CDF91260E779300BC8303 /* PBXContainerItemProxy */;
		};
		AA2CDF9D260E779300BC8303 /* PBXTargetDependency */ = {
			isa = PBXTargetDependency;
			target = AA2CDF76260E778F00BC8303 /* Wagr-Assignment */;
			targetProxy = AA2CDF9C260E779300BC8303 /* PBXContainerItemProxy */;
		};
/* End PBXTargetDependency section */

/* Begin PBXVariantGroup section */
		AA2CDF80260E778F00BC8303 /* Main.storyboard */ = {
			isa = PBXVariantGroup;
			children = (
				AA703EFA260FCDB00037519B /* Base */,
			);
			name = Main.storyboard;
			sourceTree = "<group>";
		};
		AA2CDF88260E779300BC8303 /* LaunchScreen.storyboard */ = {
			isa = PBXVariantGroup;
			children = (
				AA703EF9260FCDB00037519B /* Base */,
			);
			name = LaunchScreen.storyboard;
			sourceTree = "<group>";
		};
		AA703F06260FCE4E0037519B /* Localizable.strings */ = {
			isa = PBXVariantGroup;
			children = (
				AA703F07260FCE4E0037519B /* es */,
			);
			name = Localizable.strings;
			sourceTree = "<group>";
		};
		AA703F09260FCE4E0037519B /* Localizable.strings */ = {
			isa = PBXVariantGroup;
			children = (
				AA703F0A260FCE4E0037519B /* en */,
			);
			name = Localizable.strings;
			sourceTree = "<group>";
		};
/* End PBXVariantGroup section */

/* Begin XCBuildConfiguration section */
		AA2CDFA2260E779300BC8303 /* Debug */ = {
			isa = XCBuildConfiguration;
			buildSettings = {
				ALWAYS_SEARCH_USER_PATHS = NO;
				CLANG_ANALYZER_LOCALIZABILITY_NONLOCALIZED = YES;
				CLANG_ANALYZER_NONNULL = YES;
				CLANG_ANALYZER_NUMBER_OBJECT_CONVERSION = YES_AGGRESSIVE;
				CLANG_CXX_LANGUAGE_STANDARD = "gnu++14";
				CLANG_CXX_LIBRARY = "libc++";
				CLANG_ENABLE_MODULES = YES;
				CLANG_ENABLE_OBJC_ARC = YES;
				CLANG_ENABLE_OBJC_WEAK = YES;
				CLANG_WARN_BLOCK_CAPTURE_AUTORELEASING = YES;
				CLANG_WARN_BOOL_CONVERSION = YES;
				CLANG_WARN_COMMA = YES;
				CLANG_WARN_CONSTANT_CONVERSION = YES;
				CLANG_WARN_DEPRECATED_OBJC_IMPLEMENTATIONS = YES;
				CLANG_WARN_DIRECT_OBJC_ISA_USAGE = YES_ERROR;
				CLANG_WARN_DOCUMENTATION_COMMENTS = YES;
				CLANG_WARN_EMPTY_BODY = YES;
				CLANG_WARN_ENUM_CONVERSION = YES;
				CLANG_WARN_INFINITE_RECURSION = YES;
				CLANG_WARN_INT_CONVERSION = YES;
				CLANG_WARN_NON_LITERAL_NULL_CONVERSION = YES;
				CLANG_WARN_OBJC_IMPLICIT_RETAIN_SELF = YES;
				CLANG_WARN_OBJC_LITERAL_CONVERSION = YES;
				CLANG_WARN_OBJC_ROOT_CLASS = YES_ERROR;
				CLANG_WARN_QUOTED_INCLUDE_IN_FRAMEWORK_HEADER = YES;
				CLANG_WARN_RANGE_LOOP_ANALYSIS = YES;
				CLANG_WARN_STRICT_PROTOTYPES = YES;
				CLANG_WARN_SUSPICIOUS_MOVE = YES;
				CLANG_WARN_UNGUARDED_AVAILABILITY = YES_AGGRESSIVE;
				CLANG_WARN_UNREACHABLE_CODE = YES;
				CLANG_WARN__DUPLICATE_METHOD_MATCH = YES;
				COPY_PHASE_STRIP = NO;
				DEBUG_INFORMATION_FORMAT = dwarf;
				ENABLE_STRICT_OBJC_MSGSEND = YES;
				ENABLE_TESTABILITY = YES;
				GCC_C_LANGUAGE_STANDARD = gnu11;
				GCC_DYNAMIC_NO_PIC = NO;
				GCC_NO_COMMON_BLOCKS = YES;
				GCC_OPTIMIZATION_LEVEL = 0;
				GCC_PREPROCESSOR_DEFINITIONS = (
					"DEBUG=1",
					"$(inherited)",
				);
				GCC_WARN_64_TO_32_BIT_CONVERSION = YES;
				GCC_WARN_ABOUT_RETURN_TYPE = YES_ERROR;
				GCC_WARN_UNDECLARED_SELECTOR = YES;
				GCC_WARN_UNINITIALIZED_AUTOS = YES_AGGRESSIVE;
				GCC_WARN_UNUSED_FUNCTION = YES;
				GCC_WARN_UNUSED_VARIABLE = YES;
				IPHONEOS_DEPLOYMENT_TARGET = 13.0;
				MTL_ENABLE_DEBUG_INFO = INCLUDE_SOURCE;
				MTL_FAST_MATH = YES;
				ONLY_ACTIVE_ARCH = YES;
				SDKROOT = iphoneos;
				SWIFT_ACTIVE_COMPILATION_CONDITIONS = DEBUG;
				SWIFT_OPTIMIZATION_LEVEL = "-Onone";
			};
			name = Debug;
		};
		AA2CDFA3260E779300BC8303 /* Release */ = {
			isa = XCBuildConfiguration;
			buildSettings = {
				ALWAYS_SEARCH_USER_PATHS = NO;
				CLANG_ANALYZER_LOCALIZABILITY_NONLOCALIZED = YES;
				CLANG_ANALYZER_NONNULL = YES;
				CLANG_ANALYZER_NUMBER_OBJECT_CONVERSION = YES_AGGRESSIVE;
				CLANG_CXX_LANGUAGE_STANDARD = "gnu++14";
				CLANG_CXX_LIBRARY = "libc++";
				CLANG_ENABLE_MODULES = YES;
				CLANG_ENABLE_OBJC_ARC = YES;
				CLANG_ENABLE_OBJC_WEAK = YES;
				CLANG_WARN_BLOCK_CAPTURE_AUTORELEASING = YES;
				CLANG_WARN_BOOL_CONVERSION = YES;
				CLANG_WARN_COMMA = YES;
				CLANG_WARN_CONSTANT_CONVERSION = YES;
				CLANG_WARN_DEPRECATED_OBJC_IMPLEMENTATIONS = YES;
				CLANG_WARN_DIRECT_OBJC_ISA_USAGE = YES_ERROR;
				CLANG_WARN_DOCUMENTATION_COMMENTS = YES;
				CLANG_WARN_EMPTY_BODY = YES;
				CLANG_WARN_ENUM_CONVERSION = YES;
				CLANG_WARN_INFINITE_RECURSION = YES;
				CLANG_WARN_INT_CONVERSION = YES;
				CLANG_WARN_NON_LITERAL_NULL_CONVERSION = YES;
				CLANG_WARN_OBJC_IMPLICIT_RETAIN_SELF = YES;
				CLANG_WARN_OBJC_LITERAL_CONVERSION = YES;
				CLANG_WARN_OBJC_ROOT_CLASS = YES_ERROR;
				CLANG_WARN_QUOTED_INCLUDE_IN_FRAMEWORK_HEADER = YES;
				CLANG_WARN_RANGE_LOOP_ANALYSIS = YES;
				CLANG_WARN_STRICT_PROTOTYPES = YES;
				CLANG_WARN_SUSPICIOUS_MOVE = YES;
				CLANG_WARN_UNGUARDED_AVAILABILITY = YES_AGGRESSIVE;
				CLANG_WARN_UNREACHABLE_CODE = YES;
				CLANG_WARN__DUPLICATE_METHOD_MATCH = YES;
				COPY_PHASE_STRIP = NO;
				DEBUG_INFORMATION_FORMAT = "dwarf-with-dsym";
				ENABLE_NS_ASSERTIONS = NO;
				ENABLE_STRICT_OBJC_MSGSEND = YES;
				GCC_C_LANGUAGE_STANDARD = gnu11;
				GCC_NO_COMMON_BLOCKS = YES;
				GCC_WARN_64_TO_32_BIT_CONVERSION = YES;
				GCC_WARN_ABOUT_RETURN_TYPE = YES_ERROR;
				GCC_WARN_UNDECLARED_SELECTOR = YES;
				GCC_WARN_UNINITIALIZED_AUTOS = YES_AGGRESSIVE;
				GCC_WARN_UNUSED_FUNCTION = YES;
				GCC_WARN_UNUSED_VARIABLE = YES;
				IPHONEOS_DEPLOYMENT_TARGET = 13.0;
				MTL_ENABLE_DEBUG_INFO = NO;
				MTL_FAST_MATH = YES;
				SDKROOT = iphoneos;
				SWIFT_COMPILATION_MODE = wholemodule;
				SWIFT_OPTIMIZATION_LEVEL = "-O";
				VALIDATE_PRODUCT = YES;
			};
			name = Release;
		};
		AA2CDFA5260E779300BC8303 /* Debug */ = {
			isa = XCBuildConfiguration;
			baseConfigurationReference = 2299B4779204C4161F74CFA6 /* Pods-Wagr-Assignment.debug.xcconfig */;
			buildSettings = {
				ASSETCATALOG_COMPILER_APPICON_NAME = AppIcon;
				ASSETCATALOG_COMPILER_GLOBAL_ACCENT_COLOR_NAME = AccentColor;
				CODE_SIGN_STYLE = Automatic;
				DEBUG_INFORMATION_FORMAT = "dwarf-with-dsym";
				DEVELOPMENT_TEAM = RVXC678BN2;
				INFOPLIST_FILE = "Wagr-Assignment/App/Info.plist";
				LD_RUNPATH_SEARCH_PATHS = (
					"$(inherited)",
					"@executable_path/Frameworks",
				);
				PRODUCT_BUNDLE_IDENTIFIER = com.stevenandrews.Wagr;
				PRODUCT_NAME = "$(TARGET_NAME)";
				SWIFT_VERSION = 5.0;
				TARGETED_DEVICE_FAMILY = 1;
			};
			name = Debug;
		};
		AA2CDFA6260E779300BC8303 /* Release */ = {
			isa = XCBuildConfiguration;
			baseConfigurationReference = 6D6F03FD2935EB6555512866 /* Pods-Wagr-Assignment.release.xcconfig */;
			buildSettings = {
				ASSETCATALOG_COMPILER_APPICON_NAME = AppIcon;
				ASSETCATALOG_COMPILER_GLOBAL_ACCENT_COLOR_NAME = AccentColor;
				CODE_SIGN_STYLE = Automatic;
				DEVELOPMENT_TEAM = RVXC678BN2;
				INFOPLIST_FILE = "Wagr-Assignment/App/Info.plist";
				LD_RUNPATH_SEARCH_PATHS = (
					"$(inherited)",
					"@executable_path/Frameworks",
				);
				PRODUCT_BUNDLE_IDENTIFIER = com.stevenandrews.Wagr;
				PRODUCT_NAME = "$(TARGET_NAME)";
				SWIFT_VERSION = 5.0;
				TARGETED_DEVICE_FAMILY = 1;
			};
			name = Release;
		};
		AA2CDFA8260E779300BC8303 /* Debug */ = {
			isa = XCBuildConfiguration;
			baseConfigurationReference = FD4B6B332F07DF596C509431 /* Pods-Wagr-AssignmentTests.debug.xcconfig */;
			buildSettings = {
				ALWAYS_EMBED_SWIFT_STANDARD_LIBRARIES = YES;
				BUNDLE_LOADER = "$(TEST_HOST)";
				CODE_SIGN_STYLE = Automatic;
				DEVELOPMENT_TEAM = MAW8P85Q68;
				INFOPLIST_FILE = "Wagr-AssignmentTests/Info.plist";
				IPHONEOS_DEPLOYMENT_TARGET = 14.4;
				LD_RUNPATH_SEARCH_PATHS = (
					"$(inherited)",
					"@executable_path/Frameworks",
					"@loader_path/Frameworks",
				);
				PRODUCT_BUNDLE_IDENTIFIER = "com.stevenandrews.Wagr-AssignmentTests";
				PRODUCT_NAME = "$(TARGET_NAME)";
				SWIFT_VERSION = 5.0;
				TARGETED_DEVICE_FAMILY = "1,2";
				TEST_HOST = "$(BUILT_PRODUCTS_DIR)/Wagr-Assignment.app/Wagr-Assignment";
			};
			name = Debug;
		};
		AA2CDFA9260E779300BC8303 /* Release */ = {
			isa = XCBuildConfiguration;
			baseConfigurationReference = F4C5F3374A30AEF7283C813B /* Pods-Wagr-AssignmentTests.release.xcconfig */;
			buildSettings = {
				ALWAYS_EMBED_SWIFT_STANDARD_LIBRARIES = YES;
				BUNDLE_LOADER = "$(TEST_HOST)";
				CODE_SIGN_STYLE = Automatic;
				DEVELOPMENT_TEAM = MAW8P85Q68;
				INFOPLIST_FILE = "Wagr-AssignmentTests/Info.plist";
				IPHONEOS_DEPLOYMENT_TARGET = 14.4;
				LD_RUNPATH_SEARCH_PATHS = (
					"$(inherited)",
					"@executable_path/Frameworks",
					"@loader_path/Frameworks",
				);
				PRODUCT_BUNDLE_IDENTIFIER = "com.stevenandrews.Wagr-AssignmentTests";
				PRODUCT_NAME = "$(TARGET_NAME)";
				SWIFT_VERSION = 5.0;
				TARGETED_DEVICE_FAMILY = "1,2";
				TEST_HOST = "$(BUILT_PRODUCTS_DIR)/Wagr-Assignment.app/Wagr-Assignment";
			};
			name = Release;
		};
		AA2CDFAB260E779300BC8303 /* Debug */ = {
			isa = XCBuildConfiguration;
			baseConfigurationReference = F1531D49507DF411965AD39F /* Pods-Wagr-Assignment-Wagr-AssignmentUITests.debug.xcconfig */;
			buildSettings = {
				ALWAYS_EMBED_SWIFT_STANDARD_LIBRARIES = YES;
				CODE_SIGN_STYLE = Automatic;
				DEVELOPMENT_TEAM = MAW8P85Q68;
				INFOPLIST_FILE = "Wagr-AssignmentUITests/Info.plist";
				LD_RUNPATH_SEARCH_PATHS = (
					"$(inherited)",
					"@executable_path/Frameworks",
					"@loader_path/Frameworks",
				);
				PRODUCT_BUNDLE_IDENTIFIER = "com.stevenandrews.Wagr-AssignmentUITests";
				PRODUCT_NAME = "$(TARGET_NAME)";
				SWIFT_VERSION = 5.0;
				TARGETED_DEVICE_FAMILY = "1,2";
				TEST_TARGET_NAME = "Wagr-Assignment";
			};
			name = Debug;
		};
		AA2CDFAC260E779300BC8303 /* Release */ = {
			isa = XCBuildConfiguration;
			baseConfigurationReference = D7541A9FB6701F250BF3312D /* Pods-Wagr-Assignment-Wagr-AssignmentUITests.release.xcconfig */;
			buildSettings = {
				ALWAYS_EMBED_SWIFT_STANDARD_LIBRARIES = YES;
				CODE_SIGN_STYLE = Automatic;
				DEVELOPMENT_TEAM = MAW8P85Q68;
				INFOPLIST_FILE = "Wagr-AssignmentUITests/Info.plist";
				LD_RUNPATH_SEARCH_PATHS = (
					"$(inherited)",
					"@executable_path/Frameworks",
					"@loader_path/Frameworks",
				);
				PRODUCT_BUNDLE_IDENTIFIER = "com.stevenandrews.Wagr-AssignmentUITests";
				PRODUCT_NAME = "$(TARGET_NAME)";
				SWIFT_VERSION = 5.0;
				TARGETED_DEVICE_FAMILY = "1,2";
				TEST_TARGET_NAME = "Wagr-Assignment";
			};
			name = Release;
		};
/* End XCBuildConfiguration section */

/* Begin XCConfigurationList section */
		AA2CDF72260E778F00BC8303 /* Build configuration list for PBXProject "Wagr-Assignment" */ = {
			isa = XCConfigurationList;
			buildConfigurations = (
				AA2CDFA2260E779300BC8303 /* Debug */,
				AA2CDFA3260E779300BC8303 /* Release */,
			);
			defaultConfigurationIsVisible = 0;
			defaultConfigurationName = Release;
		};
		AA2CDFA4260E779300BC8303 /* Build configuration list for PBXNativeTarget "Wagr-Assignment" */ = {
			isa = XCConfigurationList;
			buildConfigurations = (
				AA2CDFA5260E779300BC8303 /* Debug */,
				AA2CDFA6260E779300BC8303 /* Release */,
			);
			defaultConfigurationIsVisible = 0;
			defaultConfigurationName = Release;
		};
		AA2CDFA7260E779300BC8303 /* Build configuration list for PBXNativeTarget "Wagr-AssignmentTests" */ = {
			isa = XCConfigurationList;
			buildConfigurations = (
				AA2CDFA8260E779300BC8303 /* Debug */,
				AA2CDFA9260E779300BC8303 /* Release */,
			);
			defaultConfigurationIsVisible = 0;
			defaultConfigurationName = Release;
		};
		AA2CDFAA260E779300BC8303 /* Build configuration list for PBXNativeTarget "Wagr-AssignmentUITests" */ = {
			isa = XCConfigurationList;
			buildConfigurations = (
				AA2CDFAB260E779300BC8303 /* Debug */,
				AA2CDFAC260E779300BC8303 /* Release */,
			);
			defaultConfigurationIsVisible = 0;
			defaultConfigurationName = Release;
		};
/* End XCConfigurationList section */

/* Begin XCVersionGroup section */
		AA2CDF83260E778F00BC8303 /* Wagr_Assignment.xcdatamodeld */ = {
			isa = XCVersionGroup;
			children = (
				AA2CDF84260E778F00BC8303 /* Wagr_Assignment.xcdatamodel */,
			);
			currentVersion = AA2CDF84260E778F00BC8303 /* Wagr_Assignment.xcdatamodel */;
			path = Wagr_Assignment.xcdatamodeld;
			sourceTree = "<group>";
			versionGroupType = wrapper.xcdatamodel;
		};
/* End XCVersionGroup section */
	};
	rootObject = AA2CDF6F260E778F00BC8303 /* Project object */;
}
